
Microsoft Visual Studio Solution File, Format Version 12.00
# Visual Studio Version 17
VisualStudioVersion = 17.4.33205.214
MinimumVisualStudioVersion = 10.0.40219.1
Project("{FAE04EC0-301F-11D3-BF4B-00C04F79EFBC}") = "GrpcClient", "GrpcService\GrpcClient.csproj", "{63EA949D-A70F-480E-A5AE-60A0FAFD1D2A}"
EndProject
Project("{FAE04EC0-301F-11D3-BF4B-00C04F79EFBC}") = "GrpcServer", "GrpcServer\GrpcServer.csproj", "{07EEC239-B0F5-4CE3-82F9-71F5708F7CD2}"
EndProject
Global
	GlobalSection(SolutionConfigurationPlatforms) = preSolution
		Debug|Any CPU = Debug|Any CPU
		Release|Any CPU = Release|Any CPU
	EndGlobalSection
	GlobalSection(ProjectConfigurationPlatforms) = postSolution
		{63EA949D-A70F-480E-A5AE-60A0FAFD1D2A}.Debug|Any CPU.ActiveCfg = Debug|Any CPU
		{63EA949D-A70F-480E-A5AE-60A0FAFD1D2A}.Debug|Any CPU.Build.0 = Debug|Any CPU
		{63EA949D-A70F-480E-A5AE-60A0FAFD1D2A}.Release|Any CPU.ActiveCfg = Release|Any CPU
		{63EA949D-A70F-480E-A5AE-60A0FAFD1D2A}.Release|Any CPU.Build.0 = Release|Any CPU
		{07EEC239-B0F5-4CE3-82F9-71F5708F7CD2}.Debug|Any CPU.ActiveCfg = Debug|Any CPU
		{07EEC239-B0F5-4CE3-82F9-71F5708F7CD2}.Debug|Any CPU.Build.0 = Debug|Any CPU
		{07EEC239-B0F5-4CE3-82F9-71F5708F7CD2}.Release|Any CPU.ActiveCfg = Release|Any CPU
		{07EEC239-B0F5-4CE3-82F9-71F5708F7CD2}.Release|Any CPU.Build.0 = Release|Any CPU
	EndGlobalSection
	GlobalSection(SolutionProperties) = preSolution
		HideSolutionNode = FALSE
	EndGlobalSection
	GlobalSection(ExtensibilityGlobals) = postSolution
		SolutionGuid = {2D005377-42D4-45A2-86DC-FCA24791A548}
	EndGlobalSection
EndGlobal
